{
  "version": 4,
  "terraform_version": "1.12.1",
  "serial": 12,
  "lineage": "5499b4d2-b11e-87ab-dc1d-cd1d3794b56d",
  "outputs": {
    "api_gateway_url": {
      "value": "https://veo3-frontend-gateway-ce3qnkot.uc.gateway.dev",
      "type": "string"
    },
    "frontend_bucket_name": {
      "value": "silmarimarketer-frontend-assets",
      "type": "string"
    },
    "frontend_url": {
      "value": "https://storage.googleapis.com/silmarimarketer-frontend-assets/index.html",
      "type": "string"
    }
  },
  "resources": [
    {
      "mode": "data",
      "type": "terraform_remote_state",
      "name": "backend",
      "provider": "provider[\"terraform.io/builtin/terraform\"]",
      "instances": [
        {
          "schema_version": 0,
          "attributes": {
            "backend": "gcs",
            "config": {
              "value": {
                "bucket": "veo3-video-maker-tfstate",
                "prefix": "terraform/state"
              },
              "type": [
                "object",
                {
                  "bucket": "string",
                  "prefix": "string"
                }
              ]
            },
            "defaults": null,
            "outputs": {
              "value": {
                "generate_background_function_url": "https://generate-background-ppr53q66ia-uc.a.run.app",
                "process_presentation_function_url": "https://process-presentation-ppr53q66ia-uc.a.run.app"
              },
              "type": [
                "object",
                {
                  "generate_background_function_url": "string",
                  "process_presentation_function_url": "string"
                }
              ]
            },
            "workspace": null
          },
          "sensitive_attributes": [],
          "identity_schema_version": 0
        }
      ]
    },
    {
      "mode": "managed",
      "type": "google_api_gateway_api",
      "name": "api",
      "provider": "provider[\"registry.terraform.io/hashicorp/google-beta\"]",
      "instances": [
        {
          "schema_version": 0,
          "attributes": {
            "api_id": "veo3-frontend-gateway",
            "create_time": "2025-06-08T00:37:40.048687161Z",
            "display_name": "veo3-frontend-gateway",
            "id": "projects/silmarimarketer/locations/global/apis/veo3-frontend-gateway",
            "labels": null,
            "managed_service": "veo3-frontend-gateway-16oxrf2x0zu9m.apigateway.silmarimarketer.cloud.goog",
            "name": "projects/silmarimarketer/locations/global/apis/veo3-frontend-gateway",
            "project": "silmarimarketer",
            "timeouts": null
          },
          "sensitive_attributes": [],
          "identity_schema_version": 0,
          "private": "eyJlMmJmYjczMC1lY2FhLTExZTYtOGY4OC0zNDM2M2JjN2M0YzAiOnsiY3JlYXRlIjoxMjAwMDAwMDAwMDAwLCJkZWxldGUiOjEyMDAwMDAwMDAwMDAsInVwZGF0ZSI6MTIwMDAwMDAwMDAwMH19",
          "create_before_destroy": true
        }
      ]
    },
    {
      "mode": "managed",
      "type": "google_api_gateway_api_config",
      "name": "api_cfg",
      "provider": "provider[\"registry.terraform.io/hashicorp/google-beta\"]",
      "instances": [
        {
          "schema_version": 0,
          "attributes": {
            "api": "veo3-frontend-gateway",
            "api_config_id": "veo3-cfg20250608003922186300000001",
            "api_config_id_prefix": "veo3-cfg",
            "display_name": "veo3-cfg20250608003922186300000001",
            "gateway_config": [],
            "grpc_services": [],
            "id": "projects/silmarimarketer/locations/global/apis/veo3-frontend-gateway/configs/veo3-cfg20250608003922186300000001",
            "labels": null,
            "managed_service_configs": [],
            "name": "projects/971071090301/locations/global/apis/veo3-frontend-gateway/configs/veo3-cfg20250608003922186300000001",
            "openapi_documents": [
              {
                "document": [
                  {
                    "contents": "c3dhZ2dlcjogIjIuMCINCmluZm86DQogIHRpdGxlOiAiVmVvMyBQcmVzZW50YXRpb24gQVBJIg0KICBkZXNjcmlwdGlvbjogIkFQSSBmb3IgcHJvY2Vzc2luZyBwcmVzZW50YXRpb25zIGFuZCBnZW5lcmF0aW5nIGFzc2V0cy4iDQogIHZlcnNpb246ICIxLjAuMCINCnNjaGVtZXM6DQogIC0gImh0dHBzIg0KcHJvZHVjZXM6DQogIC0gImFwcGxpY2F0aW9uL2pzb24iDQpwYXRoczoNCiAgL3Byb2Nlc3MtcHJlc2VudGF0aW9uOg0KICAgIHBvc3Q6DQogICAgICBzdW1tYXJ5OiAiUHJvY2VzcyBhIHByZXNlbnRhdGlvbiBzY3JpcHQiDQogICAgICBvcGVyYXRpb25JZDogInByb2Nlc3NQcmVzZW50YXRpb24iDQogICAgICB4LWdvb2dsZS1iYWNrZW5kOg0KICAgICAgICBhZGRyZXNzOiBodHRwczovL3Byb2Nlc3MtcHJlc2VudGF0aW9uLXBwcjUzcTY2aWEtdWMuYS5ydW4uYXBwDQogICAgICByZXNwb25zZXM6DQogICAgICAgICIyMDAiOg0KICAgICAgICAgIGRlc2NyaXB0aW9uOiAiT0siDQogIC9nZW5lcmF0ZS1iYWNrZ3JvdW5kOg0KICAgIHBvc3Q6DQogICAgICBzdW1tYXJ5OiAiR2VuZXJhdGUgYSBiYWNrZ3JvdW5kIGltYWdlIGZvciBhIHNsaWRlIg0KICAgICAgb3BlcmF0aW9uSWQ6ICJnZW5lcmF0ZUJhY2tncm91bmQiDQogICAgICB4LWdvb2dsZS1iYWNrZW5kOg0KICAgICAgICBhZGRyZXNzOiBodHRwczovL2dlbmVyYXRlLWJhY2tncm91bmQtcHByNTNxNjZpYS11Yy5hLnJ1bi5hcHANCiAgICAgIHJlc3BvbnNlczoNCiAgICAgICAgIjIwMCI6DQogICAgICAgICAgZGVzY3JpcHRpb246ICJPSyIg",
                    "path": "spec.yaml"
                  }
                ]
              }
            ],
            "project": "silmarimarketer",
            "service_config_id": "veo3-cfg20250608003922186300000001-0russ8kbbwz64",
            "timeouts": null
          },
          "sensitive_attributes": [],
          "identity_schema_version": 0,
          "private": "eyJlMmJmYjczMC1lY2FhLTExZTYtOGY4OC0zNDM2M2JjN2M0YzAiOnsiY3JlYXRlIjoxMjAwMDAwMDAwMDAwLCJkZWxldGUiOjEyMDAwMDAwMDAwMDAsInVwZGF0ZSI6MTIwMDAwMDAwMDAwMH19",
          "dependencies": [
            "data.terraform_remote_state.backend",
            "google_api_gateway_api.api"
          ],
          "create_before_destroy": true
        }
      ]
    },
    {
      "mode": "managed",
      "type": "google_api_gateway_gateway",
      "name": "gateway",
      "provider": "provider[\"registry.terraform.io/hashicorp/google-beta\"]",
      "instances": [
        {
          "schema_version": 0,
          "attributes": {
            "api_config": "projects/971071090301/locations/global/apis/veo3-frontend-gateway/configs/veo3-cfg20250608003922186300000001",
            "default_hostname": "veo3-frontend-gateway-ce3qnkot.uc.gateway.dev",
            "display_name": "veo3-frontend-gateway",
            "gateway_id": "veo3-frontend-gateway",
            "id": "projects/silmarimarketer/locations/us-central1/gateways/veo3-frontend-gateway",
            "labels": null,
            "name": "projects/silmarimarketer/locations/us-central1/gateways/veo3-frontend-gateway",
            "project": "silmarimarketer",
            "region": null,
            "timeouts": null
          },
          "sensitive_attributes": [],
          "identity_schema_version": 0,
          "private": "eyJlMmJmYjczMC1lY2FhLTExZTYtOGY4OC0zNDM2M2JjN2M0YzAiOnsiY3JlYXRlIjoxMjAwMDAwMDAwMDAwLCJkZWxldGUiOjEyMDAwMDAwMDAwMDAsInVwZGF0ZSI6MTIwMDAwMDAwMDAwMH19",
          "dependencies": [
            "data.terraform_remote_state.backend",
            "google_api_gateway_api.api",
            "google_api_gateway_api_config.api_cfg"
          ]
        }
      ]
    },
    {
      "mode": "managed",
      "type": "google_compute_backend_bucket",
      "name": "frontend",
      "provider": "provider[\"registry.terraform.io/hashicorp/google\"]",
      "instances": [
        {
          "index_key": 0,
          "schema_version": 0,
          "attributes": {
            "bucket_name": "silmarimarketer-frontend-assets",
            "cdn_policy": [
              {
                "bypass_cache_on_request_headers": [],
                "cache_key_policy": [],
                "cache_mode": "CACHE_ALL_STATIC",
                "client_ttl": 3600,
                "default_ttl": 3600,
                "max_ttl": 86400,
                "negative_caching": true,
                "negative_caching_policy": [],
                "request_coalescing": true,
                "serve_while_stale": 86400,
                "signed_url_cache_max_age_sec": 0
              }
            ],
            "compression_mode": "",
            "creation_timestamp": "2025-06-07T17:32:27.852-07:00",
            "custom_response_headers": [],
            "description": "",
            "edge_security_policy": "",
            "enable_cdn": true,
            "id": "projects/silmarimarketer/global/backendBuckets/frontend-backend-bucket",
            "name": "frontend-backend-bucket",
            "project": "silmarimarketer",
            "self_link": "https://www.googleapis.com/compute/v1/projects/silmarimarketer/global/backendBuckets/frontend-backend-bucket",
            "timeouts": null
          },
          "sensitive_attributes": [],
          "identity_schema_version": 0,
          "private": "eyJlMmJmYjczMC1lY2FhLTExZTYtOGY4OC0zNDM2M2JjN2M0YzAiOnsiY3JlYXRlIjoxMjAwMDAwMDAwMDAwLCJkZWxldGUiOjEyMDAwMDAwMDAwMDAsInVwZGF0ZSI6MTIwMDAwMDAwMDAwMH19",
          "dependencies": [
            "google_storage_bucket.frontend"
          ]
        }
      ]
    },
    {
      "mode": "managed",
      "type": "google_compute_global_forwarding_rule",
      "name": "frontend",
      "provider": "provider[\"registry.terraform.io/hashicorp/google\"]",
      "instances": []
    },
    {
      "mode": "managed",
      "type": "google_compute_managed_ssl_certificate",
      "name": "frontend",
      "provider": "provider[\"registry.terraform.io/hashicorp/google\"]",
      "instances": []
    },
    {
      "mode": "managed",
      "type": "google_compute_target_https_proxy",
      "name": "frontend",
      "provider": "provider[\"registry.terraform.io/hashicorp/google\"]",
      "instances": []
    },
    {
      "mode": "managed",
      "type": "google_compute_url_map",
      "name": "frontend",
      "provider": "provider[\"registry.terraform.io/hashicorp/google\"]",
      "instances": [
        {
          "index_key": 0,
          "schema_version": 0,
          "attributes": {
            "creation_timestamp": "2025-06-07T17:32:39.639-07:00",
            "default_route_action": [],
            "default_service": "https://www.googleapis.com/compute/v1/projects/silmarimarketer/global/backendBuckets/frontend-backend-bucket",
            "default_url_redirect": [],
            "description": "",
            "fingerprint": "2eZX3_-G1y4=",
            "header_action": [],
            "host_rule": [],
            "id": "projects/silmarimarketer/global/urlMaps/veo3-frontend-lb",
            "map_id": -1226218296,
            "name": "veo3-frontend-lb",
            "path_matcher": [],
            "project": "silmarimarketer",
            "self_link": "https://www.googleapis.com/compute/v1/projects/silmarimarketer/global/urlMaps/veo3-frontend-lb",
            "test": [],
            "timeouts": null
          },
          "sensitive_attributes": [],
          "identity_schema_version": 0,
          "private": "eyJlMmJmYjczMC1lY2FhLTExZTYtOGY4OC0zNDM2M2JjN2M0YzAiOnsiY3JlYXRlIjoxMjAwMDAwMDAwMDAwLCJkZWxldGUiOjEyMDAwMDAwMDAwMDAsInVwZGF0ZSI6MTIwMDAwMDAwMDAwMH19",
          "dependencies": [
            "google_compute_backend_bucket.frontend",
            "google_storage_bucket.frontend"
          ]
        }
      ]
    },
    {
      "mode": "managed",
      "type": "google_storage_bucket",
      "name": "frontend",
      "provider": "provider[\"registry.terraform.io/hashicorp/google\"]",
      "instances": [
        {
          "schema_version": 0,
          "attributes": {
            "autoclass": [],
            "cors": [],
            "custom_placement_config": [],
            "default_event_based_hold": false,
            "encryption": [],
            "force_destroy": true,
            "id": "silmarimarketer-frontend-assets",
            "labels": {},
            "lifecycle_rule": [],
            "location": "US-CENTRAL1",
            "logging": [],
            "name": "silmarimarketer-frontend-assets",
            "project": "silmarimarketer",
            "public_access_prevention": "inherited",
            "requester_pays": false,
            "retention_policy": [],
            "self_link": "https://www.googleapis.com/storage/v1/b/silmarimarketer-frontend-assets",
            "soft_delete_policy": [
              {
                "effective_time": "2025-06-08T00:32:26.428Z",
                "retention_duration_seconds": 604800
              }
            ],
            "storage_class": "STANDARD",
            "timeouts": null,
            "uniform_bucket_level_access": true,
            "url": "gs://silmarimarketer-frontend-assets",
            "versioning": [],
            "website": [
              {
                "main_page_suffix": "index.html",
                "not_found_page": "index.html"
              }
            ]
          },
          "sensitive_attributes": [],
          "identity_schema_version": 0,
          "private": "eyJlMmJmYjczMC1lY2FhLTExZTYtOGY4OC0zNDM2M2JjN2M0YzAiOnsiY3JlYXRlIjo2MDAwMDAwMDAwMDAsInJlYWQiOjI0MDAwMDAwMDAwMCwidXBkYXRlIjoyNDAwMDAwMDAwMDB9fQ=="
        }
      ]
    }
  ],
  "check_results": null
}
